
Microsoft Visual Studio Solution File, Format Version 12.00
# Visual Studio Version 17
VisualStudioVersion = 17.0.31903.59
MinimumVisualStudioVersion = 10.0.40219.1
Project("{FAE04EC0-301F-11D3-BF4B-00C04F79EFBC}") = "LibrarianApi", "LibrarianApi.csproj", "{4DF8A730-D4F4-4554-89BC-6E37779E52F6}"
EndProject
Project("{FAE04EC0-301F-11D3-BF4B-00C04F79EFBC}") = "LibrarianApi.DataAccess", "..\LibrarianApi.DataAccess\LibrarianApi.DataAccess.csproj", "{E25F9E7A-0B58-4AAD-8641-91BDA4CB1D67}"
EndProject
Project("{FAE04EC0-301F-11D3-BF4B-00C04F79EFBC}") = "LibrarianApi.BuisnessLayer", "..\LibrarianApi.BuisnessLayer\LibrarianApi.BuisnessLayer.csproj", "{F003DCC4-5ED1-44FA-8D80-5DC4651EFDBB}"
EndProject
Global
	GlobalSection(SolutionConfigurationPlatforms) = preSolution
		Debug|Any CPU = Debug|Any CPU
		Release|Any CPU = Release|Any CPU
	EndGlobalSection
	GlobalSection(ProjectConfigurationPlatforms) = postSolution
		{4DF8A730-D4F4-4554-89BC-6E37779E52F6}.Debug|Any CPU.ActiveCfg = Debug|Any CPU
		{4DF8A730-D4F4-4554-89BC-6E37779E52F6}.Debug|Any CPU.Build.0 = Debug|Any CPU
		{4DF8A730-D4F4-4554-89BC-6E37779E52F6}.Release|Any CPU.ActiveCfg = Release|Any CPU
		{4DF8A730-D4F4-4554-89BC-6E37779E52F6}.Release|Any CPU.Build.0 = Release|Any CPU
		{E25F9E7A-0B58-4AAD-8641-91BDA4CB1D67}.Debug|Any CPU.ActiveCfg = Debug|Any CPU
		{E25F9E7A-0B58-4AAD-8641-91BDA4CB1D67}.Debug|Any CPU.Build.0 = Debug|Any CPU
		{E25F9E7A-0B58-4AAD-8641-91BDA4CB1D67}.Release|Any CPU.ActiveCfg = Release|Any CPU
		{E25F9E7A-0B58-4AAD-8641-91BDA4CB1D67}.Release|Any CPU.Build.0 = Release|Any CPU
		{F003DCC4-5ED1-44FA-8D80-5DC4651EFDBB}.Debug|Any CPU.ActiveCfg = Debug|Any CPU
		{F003DCC4-5ED1-44FA-8D80-5DC4651EFDBB}.Debug|Any CPU.Build.0 = Debug|Any CPU
		{F003DCC4-5ED1-44FA-8D80-5DC4651EFDBB}.Release|Any CPU.ActiveCfg = Release|Any CPU
		{F003DCC4-5ED1-44FA-8D80-5DC4651EFDBB}.Release|Any CPU.Build.0 = Release|Any CPU
	EndGlobalSection
	GlobalSection(SolutionProperties) = preSolution
		HideSolutionNode = FALSE
	EndGlobalSection
	GlobalSection(ExtensibilityGlobals) = postSolution
		SolutionGuid = {2168B7A7-6B49-495C-8CF1-4BE4684E2C43}
	EndGlobalSection
EndGlobal
